
Microsoft Visual Studio Solution File, Format Version 11.00
# Visual Studio 2010
Project("{FAE04EC0-301F-11D3-BF4B-00C04F79EFBC}") = "SwingPointLocator", "SwingPointLocator\SwingPointLocator.csproj", "{D0E6E3A0-A510-477B-B51C-369E56A20560}"
EndProject
Global
	GlobalSection(SolutionConfigurationPlatforms) = preSolution
		Debug|x86 = Debug|x86
		Release|x86 = Release|x86
	EndGlobalSection
	GlobalSection(ProjectConfigurationPlatforms) = postSolution
		{D0E6E3A0-A510-477B-B51C-369E56A20560}.Debug|x86.ActiveCfg = Debug|x86
		{D0E6E3A0-A510-477B-B51C-369E56A20560}.Debug|x86.Build.0 = Debug|x86
		{D0E6E3A0-A510-477B-B51C-369E56A20560}.Release|x86.ActiveCfg = Release|x86
		{D0E6E3A0-A510-477B-B51C-369E56A20560}.Release|x86.Build.0 = Release|x86
	EndGlobalSection
	GlobalSection(SolutionProperties) = preSolution
		HideSolutionNode = FALSE
	EndGlobalSection
EndGlobal
